
Microsoft Visual Studio Solution File, Format Version 12.00
# Visual Studio Version 18
VisualStudioVersion = 18.5.11723.231
MinimumVisualStudioVersion = 10.0.40219.1
Project("{FAE04EC0-301F-11D3-BF4B-00C04F79EFBC}") = "Speculum.Api", "Speculum.Api\Speculum.Api.csproj", "{022995C3-704C-4998-8E3B-C127ED893D5F}"
EndProject
Project("{2150E333-8FDC-42A3-9474-1A3956D46DE8}") = "Solution Items", "Solution Items", "{B1BB01C2-7F28-4435-A3E6-5869430252F7}"
	ProjectSection(SolutionItems) = preProject
		CONTRIBUTING.md = CONTRIBUTING.md
		readme.md = readme.md
		docs\architecture.md = docs\architecture.md
		docs\README.md = docs\README.md
		deploy\README.md = deploy\README.md
		deploy\dockup.json = deploy\dockup.json
	EndProjectSection
EndProject
Project("{FAE04EC0-301F-11D3-BF4B-00C04F79EFBC}") = "Speculum.Api.Journal.Tests", "Speculum.Api.Journal.Tests\Speculum.Api.Journal.Tests.csproj", "{AA92A357-2C20-4DC3-904D-BCDDCE90A251}"
EndProject
Project("{FAE04EC0-301F-11D3-BF4B-00C04F79EFBC}") = "Speculum.Api.Sessions.Tests", "Speculum.Api.Sessions.Tests\Speculum.Api.Sessions.Tests.csproj", "{FCE89382-C3DB-4E9C-887F-730DC63A1C6D}"
EndProject
Project("{FAE04EC0-301F-11D3-BF4B-00C04F79EFBC}") = "Speculum.Api.SessionsTest.Tests", "Speculum.Api.SessionsTest.Tests\Speculum.Api.SessionsTest.Tests.csproj", "{792C6049-1DA4-452C-98CC-A030FFA7D5BC}"
EndProject
Project("{FAE04EC0-301F-11D3-BF4B-00C04F79EFBC}") = "Speculum.Api.Telemetry.Tests", "Speculum.Api.Telemetry.Tests\Speculum.Api.Telemetry.Tests.csproj", "{BDF086C6-1AC6-40D3-9C7D-0E5EB9BAEF78}"
EndProject
Global
	GlobalSection(SolutionConfigurationPlatforms) = preSolution
		Debug|Any CPU = Debug|Any CPU
		Debug|x64 = Debug|x64
		Debug|x86 = Debug|x86
		Release|Any CPU = Release|Any CPU
		Release|x64 = Release|x64
		Release|x86 = Release|x86
	EndGlobalSection
	GlobalSection(ProjectConfigurationPlatforms) = postSolution
		{022995C3-704C-4998-8E3B-C127ED893D5F}.Debug|Any CPU.ActiveCfg = Debug|Any CPU
		{022995C3-704C-4998-8E3B-C127ED893D5F}.Debug|Any CPU.Build.0 = Debug|Any CPU
		{022995C3-704C-4998-8E3B-C127ED893D5F}.Debug|x64.ActiveCfg = Debug|Any CPU
		{022995C3-704C-4998-8E3B-C127ED893D5F}.Debug|x64.Build.0 = Debug|Any CPU
		{022995C3-704C-4998-8E3B-C127ED893D5F}.Debug|x86.ActiveCfg = Debug|Any CPU
		{022995C3-704C-4998-8E3B-C127ED893D5F}.Debug|x86.Build.0 = Debug|Any CPU
		{022995C3-704C-4998-8E3B-C127ED893D5F}.Release|Any CPU.ActiveCfg = Release|Any CPU
		{022995C3-704C-4998-8E3B-C127ED893D5F}.Release|Any CPU.Build.0 = Release|Any CPU
		{022995C3-704C-4998-8E3B-C127ED893D5F}.Release|x64.ActiveCfg = Release|Any CPU
		{022995C3-704C-4998-8E3B-C127ED893D5F}.Release|x64.Build.0 = Release|Any CPU
		{022995C3-704C-4998-8E3B-C127ED893D5F}.Release|x86.ActiveCfg = Release|Any CPU
		{022995C3-704C-4998-8E3B-C127ED893D5F}.Release|x86.Build.0 = Release|Any CPU
		{AA92A357-2C20-4DC3-904D-BCDDCE90A251}.Debug|Any CPU.ActiveCfg = Debug|Any CPU
		{AA92A357-2C20-4DC3-904D-BCDDCE90A251}.Debug|Any CPU.Build.0 = Debug|Any CPU
		{AA92A357-2C20-4DC3-904D-BCDDCE90A251}.Debug|x64.ActiveCfg = Debug|Any CPU
		{AA92A357-2C20-4DC3-904D-BCDDCE90A251}.Debug|x64.Build.0 = Debug|Any CPU
		{AA92A357-2C20-4DC3-904D-BCDDCE90A251}.Debug|x86.ActiveCfg = Debug|Any CPU
		{AA92A357-2C20-4DC3-904D-BCDDCE90A251}.Debug|x86.Build.0 = Debug|Any CPU
		{AA92A357-2C20-4DC3-904D-BCDDCE90A251}.Release|Any CPU.ActiveCfg = Release|Any CPU
		{AA92A357-2C20-4DC3-904D-BCDDCE90A251}.Release|Any CPU.Build.0 = Release|Any CPU
		{AA92A357-2C20-4DC3-904D-BCDDCE90A251}.Release|x64.ActiveCfg = Release|Any CPU
		{AA92A357-2C20-4DC3-904D-BCDDCE90A251}.Release|x64.Build.0 = Release|Any CPU
		{AA92A357-2C20-4DC3-904D-BCDDCE90A251}.Release|x86.ActiveCfg = Release|Any CPU
		{AA92A357-2C20-4DC3-904D-BCDDCE90A251}.Release|x86.Build.0 = Release|Any CPU
		{FCE89382-C3DB-4E9C-887F-730DC63A1C6D}.Debug|Any CPU.ActiveCfg = Debug|Any CPU
		{FCE89382-C3DB-4E9C-887F-730DC63A1C6D}.Debug|Any CPU.Build.0 = Debug|Any CPU
		{FCE89382-C3DB-4E9C-887F-730DC63A1C6D}.Debug|x64.ActiveCfg = Debug|Any CPU
		{FCE89382-C3DB-4E9C-887F-730DC63A1C6D}.Debug|x64.Build.0 = Debug|Any CPU
		{FCE89382-C3DB-4E9C-887F-730DC63A1C6D}.Debug|x86.ActiveCfg = Debug|Any CPU
		{FCE89382-C3DB-4E9C-887F-730DC63A1C6D}.Debug|x86.Build.0 = Debug|Any CPU
		{FCE89382-C3DB-4E9C-887F-730DC63A1C6D}.Release|Any CPU.ActiveCfg = Release|Any CPU
		{FCE89382-C3DB-4E9C-887F-730DC63A1C6D}.Release|Any CPU.Build.0 = Release|Any CPU
		{FCE89382-C3DB-4E9C-887F-730DC63A1C6D}.Release|x64.ActiveCfg = Release|Any CPU
		{FCE89382-C3DB-4E9C-887F-730DC63A1C6D}.Release|x64.Build.0 = Release|Any CPU
		{FCE89382-C3DB-4E9C-887F-730DC63A1C6D}.Release|x86.ActiveCfg = Release|Any CPU
		{FCE89382-C3DB-4E9C-887F-730DC63A1C6D}.Release|x86.Build.0 = Release|Any CPU
		{792C6049-1DA4-452C-98CC-A030FFA7D5BC}.Debug|Any CPU.ActiveCfg = Debug|Any CPU
		{792C6049-1DA4-452C-98CC-A030FFA7D5BC}.Debug|Any CPU.Build.0 = Debug|Any CPU
		{792C6049-1DA4-452C-98CC-A030FFA7D5BC}.Debug|x64.ActiveCfg = Debug|Any CPU
		{792C6049-1DA4-452C-98CC-A030FFA7D5BC}.Debug|x64.Build.0 = Debug|Any CPU
		{792C6049-1DA4-452C-98CC-A030FFA7D5BC}.Debug|x86.ActiveCfg = Debug|Any CPU
		{792C6049-1DA4-452C-98CC-A030FFA7D5BC}.Debug|x86.Build.0 = Debug|Any CPU
		{792C6049-1DA4-452C-98CC-A030FFA7D5BC}.Release|Any CPU.ActiveCfg = Release|Any CPU
		{792C6049-1DA4-452C-98CC-A030FFA7D5BC}.Release|Any CPU.Build.0 = Release|Any CPU
		{792C6049-1DA4-452C-98CC-A030FFA7D5BC}.Release|x64.ActiveCfg = Release|Any CPU
		{792C6049-1DA4-452C-98CC-A030FFA7D5BC}.Release|x64.Build.0 = Release|Any CPU
		{792C6049-1DA4-452C-98CC-A030FFA7D5BC}.Release|x86.ActiveCfg = Release|Any CPU
		{792C6049-1DA4-452C-98CC-A030FFA7D5BC}.Release|x86.Build.0 = Release|Any CPU
		{BDF086C6-1AC6-40D3-9C7D-0E5EB9BAEF78}.Debug|Any CPU.ActiveCfg = Debug|Any CPU
		{BDF086C6-1AC6-40D3-9C7D-0E5EB9BAEF78}.Debug|Any CPU.Build.0 = Debug|Any CPU
		{BDF086C6-1AC6-40D3-9C7D-0E5EB9BAEF78}.Debug|x64.ActiveCfg = Debug|Any CPU
		{BDF086C6-1AC6-40D3-9C7D-0E5EB9BAEF78}.Debug|x64.Build.0 = Debug|Any CPU
		{BDF086C6-1AC6-40D3-9C7D-0E5EB9BAEF78}.Debug|x86.ActiveCfg = Debug|Any CPU
		{BDF086C6-1AC6-40D3-9C7D-0E5EB9BAEF78}.Debug|x86.Build.0 = Debug|Any CPU
		{BDF086C6-1AC6-40D3-9C7D-0E5EB9BAEF78}.Release|Any CPU.ActiveCfg = Release|Any CPU
		{BDF086C6-1AC6-40D3-9C7D-0E5EB9BAEF78}.Release|Any CPU.Build.0 = Release|Any CPU
		{BDF086C6-1AC6-40D3-9C7D-0E5EB9BAEF78}.Release|x64.ActiveCfg = Release|Any CPU
		{BDF086C6-1AC6-40D3-9C7D-0E5EB9BAEF78}.Release|x64.Build.0 = Release|Any CPU
		{BDF086C6-1AC6-40D3-9C7D-0E5EB9BAEF78}.Release|x86.ActiveCfg = Release|Any CPU
		{BDF086C6-1AC6-40D3-9C7D-0E5EB9BAEF78}.Release|x86.Build.0 = Release|Any CPU
	EndGlobalSection
	GlobalSection(SolutionProperties) = preSolution
		HideSolutionNode = FALSE
	EndGlobalSection
	GlobalSection(ExtensibilityGlobals) = postSolution
		SolutionGuid = {EC5BD2A5-9EB3-44FB-A254-00E2E29DA6B8}
	EndGlobalSection
EndGlobal
