
Microsoft Visual Studio Solution File, Format Version 12.00
# Visual Studio Version 18
VisualStudioVersion = 18.5.11723.231
MinimumVisualStudioVersion = 10.0.40219.1
Project("{FAE04EC0-301F-11D3-BF4B-00C04F79EFBC}") = "Speculum.Api", "Speculum.Api\Speculum.Api.csproj", "{620ECE1F-2276-4C02-8390-36D265B99C9F}"
EndProject
Project("{2150E333-8FDC-42A3-9474-1A3956D46DE8}") = "Itens de Solução", "Itens de Solução", "{B1BB01C2-7F28-4435-A3E6-5869430252F7}"
	ProjectSection(SolutionItems) = preProject
		CONTRIBUTING.md = CONTRIBUTING.md
		readme.md = readme.md
		docs\architecture.md = docs\architecture.md
		docs\motor-reference.md = docs\motor-reference.md
		docs\README.md = docs\README.md
		deploy\README.md = deploy\README.md
		deploy\speculum.dockup.example.json = deploy\speculum.dockup.example.json
	EndProjectSection
EndProject
Project("{FAE04EC0-301F-11D3-BF4B-00C04F79EFBC}") = "Speculum.Api.Tests", "Speculum.Api.Tests\Speculum.Api.Tests.csproj", "{7272FE37-D11E-40FA-AC14-1CA88605E1CC}"
EndProject
Global
	GlobalSection(SolutionConfigurationPlatforms) = preSolution
		Debug|Any CPU = Debug|Any CPU
		Debug|x64 = Debug|x64
		Debug|x86 = Debug|x86
		Release|Any CPU = Release|Any CPU
		Release|x64 = Release|x64
		Release|x86 = Release|x86
	EndGlobalSection
	GlobalSection(ProjectConfigurationPlatforms) = postSolution
		{620ECE1F-2276-4C02-8390-36D265B99C9F}.Debug|Any CPU.ActiveCfg = Debug|Any CPU
		{620ECE1F-2276-4C02-8390-36D265B99C9F}.Debug|Any CPU.Build.0 = Debug|Any CPU
		{620ECE1F-2276-4C02-8390-36D265B99C9F}.Debug|x64.ActiveCfg = Debug|Any CPU
		{620ECE1F-2276-4C02-8390-36D265B99C9F}.Debug|x64.Build.0 = Debug|Any CPU
		{620ECE1F-2276-4C02-8390-36D265B99C9F}.Debug|x86.ActiveCfg = Debug|Any CPU
		{620ECE1F-2276-4C02-8390-36D265B99C9F}.Debug|x86.Build.0 = Debug|Any CPU
		{620ECE1F-2276-4C02-8390-36D265B99C9F}.Release|Any CPU.ActiveCfg = Release|Any CPU
		{620ECE1F-2276-4C02-8390-36D265B99C9F}.Release|Any CPU.Build.0 = Release|Any CPU
		{620ECE1F-2276-4C02-8390-36D265B99C9F}.Release|x64.ActiveCfg = Release|Any CPU
		{620ECE1F-2276-4C02-8390-36D265B99C9F}.Release|x64.Build.0 = Release|Any CPU
		{620ECE1F-2276-4C02-8390-36D265B99C9F}.Release|x86.ActiveCfg = Release|Any CPU
		{620ECE1F-2276-4C02-8390-36D265B99C9F}.Release|x86.Build.0 = Release|Any CPU
		{7272FE37-D11E-40FA-AC14-1CA88605E1CC}.Debug|Any CPU.ActiveCfg = Debug|Any CPU
		{7272FE37-D11E-40FA-AC14-1CA88605E1CC}.Debug|Any CPU.Build.0 = Debug|Any CPU
		{7272FE37-D11E-40FA-AC14-1CA88605E1CC}.Debug|x64.ActiveCfg = Debug|Any CPU
		{7272FE37-D11E-40FA-AC14-1CA88605E1CC}.Debug|x64.Build.0 = Debug|Any CPU
		{7272FE37-D11E-40FA-AC14-1CA88605E1CC}.Debug|x86.ActiveCfg = Debug|Any CPU
		{7272FE37-D11E-40FA-AC14-1CA88605E1CC}.Debug|x86.Build.0 = Debug|Any CPU
		{7272FE37-D11E-40FA-AC14-1CA88605E1CC}.Release|Any CPU.ActiveCfg = Release|Any CPU
		{7272FE37-D11E-40FA-AC14-1CA88605E1CC}.Release|Any CPU.Build.0 = Release|Any CPU
		{7272FE37-D11E-40FA-AC14-1CA88605E1CC}.Release|x64.ActiveCfg = Release|Any CPU
		{7272FE37-D11E-40FA-AC14-1CA88605E1CC}.Release|x64.Build.0 = Release|Any CPU
		{7272FE37-D11E-40FA-AC14-1CA88605E1CC}.Release|x86.ActiveCfg = Release|Any CPU
		{7272FE37-D11E-40FA-AC14-1CA88605E1CC}.Release|x86.Build.0 = Release|Any CPU
	EndGlobalSection
	GlobalSection(SolutionProperties) = preSolution
		HideSolutionNode = FALSE
	EndGlobalSection
	GlobalSection(ExtensibilityGlobals) = postSolution
		SolutionGuid = {EC5BD2A5-9EB3-44FB-A254-00E2E29DA6B8}
	EndGlobalSection
EndGlobal
