Microsoft Visual Studio Solution File, Format Version 12.00
# Visual Studio Version 17
Project("{9A19103F-16F7-4668-BE54-9A1E7A4F7556}") = "Speculum.Gecko.Abi", "src\Speculum.Gecko.Abi\Speculum.Gecko.Abi.csproj", "{4E0C1B2A-0000-4A21-9C31-0A1B2C3D4E00}"
EndProject
Project("{9A19103F-16F7-4668-BE54-9A1E7A4F7556}") = "Speculum.Supervisor", "src\Speculum.Supervisor\Speculum.Supervisor.csproj", "{4E0C1B2A-1111-4A21-9C31-0A1B2C3D4E01}"
EndProject
Project("{9A19103F-16F7-4668-BE54-9A1E7A4F7556}") = "Speculum.Orchestrator", "src\Speculum.Orchestrator\Speculum.Orchestrator.csproj", "{4E0C1B2A-3333-4A21-9C31-0A1B2C3D4E03}"
EndProject
Project("{9A19103F-16F7-4668-BE54-9A1E7A4F7556}") = "Speculum.Lab", "src\Speculum.Lab\Speculum.Lab.csproj", "{4E0C1B2A-2222-4A21-9C31-0A1B2C3D4E02}"
EndProject
Global
	GlobalSection(SolutionConfigurationPlatforms) = preSolution
		Debug|Any CPU = Debug|Any CPU
		Release|Any CPU = Release|Any CPU
	EndGlobalSection
	GlobalSection(ProjectConfigurationPlatforms) = postSolution
		{4E0C1B2A-0000-4A21-9C31-0A1B2C3D4E00}.Debug|Any CPU.ActiveCfg = Debug|Any CPU
		{4E0C1B2A-0000-4A21-9C31-0A1B2C3D4E00}.Debug|Any CPU.Build.0 = Debug|Any CPU
		{4E0C1B2A-0000-4A21-9C31-0A1B2C3D4E00}.Release|Any CPU.ActiveCfg = Release|Any CPU
		{4E0C1B2A-0000-4A21-9C31-0A1B2C3D4E00}.Release|Any CPU.Build.0 = Release|Any CPU
		{4E0C1B2A-1111-4A21-9C31-0A1B2C3D4E01}.Debug|Any CPU.ActiveCfg = Debug|Any CPU
		{4E0C1B2A-1111-4A21-9C31-0A1B2C3D4E01}.Debug|Any CPU.Build.0 = Debug|Any CPU
		{4E0C1B2A-1111-4A21-9C31-0A1B2C3D4E01}.Release|Any CPU.ActiveCfg = Release|Any CPU
		{4E0C1B2A-1111-4A21-9C31-0A1B2C3D4E01}.Release|Any CPU.Build.0 = Release|Any CPU
		{4E0C1B2A-3333-4A21-9C31-0A1B2C3D4E03}.Debug|Any CPU.ActiveCfg = Debug|Any CPU
		{4E0C1B2A-3333-4A21-9C31-0A1B2C3D4E03}.Debug|Any CPU.Build.0 = Debug|Any CPU
		{4E0C1B2A-3333-4A21-9C31-0A1B2C3D4E03}.Release|Any CPU.ActiveCfg = Release|Any CPU
		{4E0C1B2A-3333-4A21-9C31-0A1B2C3D4E03}.Release|Any CPU.Build.0 = Release|Any CPU
		{4E0C1B2A-2222-4A21-9C31-0A1B2C3D4E02}.Debug|Any CPU.ActiveCfg = Debug|Any CPU
		{4E0C1B2A-2222-4A21-9C31-0A1B2C3D4E02}.Debug|Any CPU.Build.0 = Debug|Any CPU
		{4E0C1B2A-2222-4A21-9C31-0A1B2C3D4E02}.Release|Any CPU.ActiveCfg = Release|Any CPU
		{4E0C1B2A-2222-4A21-9C31-0A1B2C3D4E02}.Release|Any CPU.Build.0 = Release|Any CPU
	EndGlobalSection
EndGlobal
